PODS:
  - Alamofire (4.9.1)
  - Kingfisher (3.13.1)
  - PKHUD (4.2.3)
  - R.swift (3.3.0):
    - R.swift.Library (~> 3.0.2)
  - R.swift.Library (3.0.2)
  - Starscream (3.0.5)
  - SwiftLint (0.28.2)

DEPENDENCIES:
  - Alamofire (~> 4.0)
  - Kingfisher (~> 3.0)
  - PKHUD (~> 4.0)
  - R.swift (~> 3.0)
  - Starscream (<= 3.0.5)
  - SwiftLint (~> 0.28.2)

SPEC REPOS:
  trunk:
    - Alamofire
    - Kingfisher
    - PKHUD
    - R.swift
    - R.swift.Library
    - Starscream
    - SwiftLint

SPEC CHECKSUMS:
  Alamofire: 85e8a02c69d6020a0d734f6054870d7ecb75cf18
  Kingfisher: ed9707a409cc47fddafbcd12a43a9757e3600af5
  PKHUD: c7692163a09875cbf15827dc581df3c5cf7f1015
  R.swift: bde9704d50ff36820f49e266bc88ef545e1e9b36
  R.swift.Library: fbdec16c9802ad104fc1ba53415dc190e6ec5c73
  Starscream: faf918b2f2eff7d5dd21180646bf015a669673bd
  SwiftLint: f1629ae733b64e9cad20052de01d1debd5b640e7

PODFILE CHECKSUM: 0dd2842368a7f7cddfaa3975076e77950aa6be83

COCOAPODS: 1.10.0
